
Microsoft Visual Studio Solution File, Format Version 12.00
# Visual Studio 15
VisualStudioVersion = 15.0.26730.3
MinimumVisualStudioVersion = 10.0.40219.1
Project("{FAE04EC0-301F-11D3-BF4B-00C04F79EFBC}") = "ConsoleApp29", "ConsoleApp29\ConsoleApp29.csproj", "{9A3FBB7F-B59E-4C7B-9FBD-6C08F88E33BD}"
EndProject
Global
	GlobalSection(SolutionConfigurationPlatforms) = preSolution
		Debug|Any CPU = Debug|Any CPU
		Release|Any CPU = Release|Any CPU
	EndGlobalSection
	GlobalSection(ProjectConfigurationPlatforms) = postSolution
		{9A3FBB7F-B59E-4C7B-9FBD-6C08F88E33BD}.Debug|Any CPU.ActiveCfg = Debug|Any CPU
		{9A3FBB7F-B59E-4C7B-9FBD-6C08F88E33BD}.Debug|Any CPU.Build.0 = Debug|Any CPU
		{9A3FBB7F-B59E-4C7B-9FBD-6C08F88E33BD}.Release|Any CPU.ActiveCfg = Release|Any CPU
		{9A3FBB7F-B59E-4C7B-9FBD-6C08F88E33BD}.Release|Any CPU.Build.0 = Release|Any CPU
	EndGlobalSection
	GlobalSection(SolutionProperties) = preSolution
		HideSolutionNode = FALSE
	EndGlobalSection
	GlobalSection(ExtensibilityGlobals) = postSolution
		SolutionGuid = {00324B2D-F4AE-4AB7-9DCB-880BC030B72C}
	EndGlobalSection
EndGlobal
