
Microsoft Visual Studio Solution File, Format Version 12.00
# Visual Studio 15
VisualStudioVersion = 15.0.26730.3
MinimumVisualStudioVersion = 10.0.40219.1
Project("{FAE04EC0-301F-11D3-BF4B-00C04F79EFBC}") = "ConsoleApp5", "ConsoleApp5\ConsoleApp5.csproj", "{E2B0E5BA-AAC4-45D8-9334-059E96AAA605}"
EndProject
Global
	GlobalSection(SolutionConfigurationPlatforms) = preSolution
		Debug|Any CPU = Debug|Any CPU
		Release|Any CPU = Release|Any CPU
	EndGlobalSection
	GlobalSection(ProjectConfigurationPlatforms) = postSolution
		{E2B0E5BA-AAC4-45D8-9334-059E96AAA605}.Debug|Any CPU.ActiveCfg = Debug|Any CPU
		{E2B0E5BA-AAC4-45D8-9334-059E96AAA605}.Debug|Any CPU.Build.0 = Debug|Any CPU
		{E2B0E5BA-AAC4-45D8-9334-059E96AAA605}.Release|Any CPU.ActiveCfg = Release|Any CPU
		{E2B0E5BA-AAC4-45D8-9334-059E96AAA605}.Release|Any CPU.Build.0 = Release|Any CPU
	EndGlobalSection
	GlobalSection(SolutionProperties) = preSolution
		HideSolutionNode = FALSE
	EndGlobalSection
	GlobalSection(ExtensibilityGlobals) = postSolution
		SolutionGuid = {0A77919A-2910-48EB-8267-5CD004463E0E}
	EndGlobalSection
EndGlobal
