
Microsoft Visual Studio Solution File, Format Version 12.00
# Visual Studio 15
VisualStudioVersion = 15.0.26730.3
MinimumVisualStudioVersion = 10.0.40219.1
Project("{FAE04EC0-301F-11D3-BF4B-00C04F79EFBC}") = "ConsoleApp11", "ConsoleApp11\ConsoleApp11.csproj", "{1F3C4A1D-6EBE-4DEF-B10B-57331699578C}"
EndProject
Global
	GlobalSection(SolutionConfigurationPlatforms) = preSolution
		Debug|Any CPU = Debug|Any CPU
		Release|Any CPU = Release|Any CPU
	EndGlobalSection
	GlobalSection(ProjectConfigurationPlatforms) = postSolution
		{1F3C4A1D-6EBE-4DEF-B10B-57331699578C}.Debug|Any CPU.ActiveCfg = Debug|Any CPU
		{1F3C4A1D-6EBE-4DEF-B10B-57331699578C}.Debug|Any CPU.Build.0 = Debug|Any CPU
		{1F3C4A1D-6EBE-4DEF-B10B-57331699578C}.Release|Any CPU.ActiveCfg = Release|Any CPU
		{1F3C4A1D-6EBE-4DEF-B10B-57331699578C}.Release|Any CPU.Build.0 = Release|Any CPU
	EndGlobalSection
	GlobalSection(SolutionProperties) = preSolution
		HideSolutionNode = FALSE
	EndGlobalSection
	GlobalSection(ExtensibilityGlobals) = postSolution
		SolutionGuid = {041F801A-9389-4D0E-B206-31478CA2CDB6}
	EndGlobalSection
EndGlobal
